
Microsoft Visual Studio Solution File, Format Version 12.00
# Visual Studio Version 16
VisualStudioVersion = 16.0.32510.428
MinimumVisualStudioVersion = 10.0.40219.1
Project("{FAE04EC0-301F-11D3-BF4B-00C04F79EFBC}") = "LolHelper", "LolHelper.csproj", "{EDD4AC62-8EB8-41CA-859B-B06BB21C7A69}"
EndProject
Global
	GlobalSection(SolutionConfigurationPlatforms) = preSolution
		Debug|Any CPU = Debug|Any CPU
		Release|Any CPU = Release|Any CPU
	EndGlobalSection
	GlobalSection(ProjectConfigurationPlatforms) = postSolution
		{EDD4AC62-8EB8-41CA-859B-B06BB21C7A69}.Debug|Any CPU.ActiveCfg = Debug|Any CPU
		{EDD4AC62-8EB8-41CA-859B-B06BB21C7A69}.Debug|Any CPU.Build.0 = Debug|Any CPU
		{EDD4AC62-8EB8-41CA-859B-B06BB21C7A69}.Release|Any CPU.ActiveCfg = Release|Any CPU
		{EDD4AC62-8EB8-41CA-859B-B06BB21C7A69}.Release|Any CPU.Build.0 = Release|Any CPU
	EndGlobalSection
	GlobalSection(SolutionProperties) = preSolution
		HideSolutionNode = FALSE
	EndGlobalSection
	GlobalSection(ExtensibilityGlobals) = postSolution
		SolutionGuid = {8818D2DC-ADFE-4936-AEFF-AA81A26FD144}
	EndGlobalSection
EndGlobal
